// !$*UTF8*$!
{
	archiveVersion = 1;
	classes = {
	};
	objectVersion = 48;
	objects = {

/* Begin PBXBuildFile section */
		A0B4535E1FAC1999005A1ED4 /* AppDelegate.swift in Sources */ = {isa = PBXBuildFile; fileRef = A0B4535D1FAC1999005A1ED4 /* AppDelegate.swift */; };
		A0B453601FAC1999005A1ED4 /* ViewController.swift in Sources */ = {isa = PBXBuildFile; fileRef = A0B4535F1FAC1999005A1ED4 /* ViewController.swift */; };
		A0B453631FAC1999005A1ED4 /* Main.storyboard in Resources */ = {isa = PBXBuildFile; fileRef = A0B453611FAC1999005A1ED4 /* Main.storyboard */; };
		A0B453651FAC1999005A1ED4 /* Assets.xcassets in Resources */ = {isa = PBXBuildFile; fileRef = A0B453641FAC1999005A1ED4 /* Assets.xcassets */; };
		A0B453681FAC1999005A1ED4 /* LaunchScreen.storyboard in Resources */ = {isa = PBXBuildFile; fileRef = A0B453661FAC1999005A1ED4 /* LaunchScreen.storyboard */; };
		A0B453731FAC199A005A1ED4 /* ParsingDataActorsTests.swift in Sources */ = {isa = PBXBuildFile; fileRef = A0B453721FAC199A005A1ED4 /* ParsingDataActorsTests.swift */; };
		A0B4537E1FAC199A005A1ED4 /* ParsingDataActorsUITests.swift in Sources */ = {isa = PBXBuildFile; fileRef = A0B4537D1FAC199A005A1ED4 /* ParsingDataActorsUITests.swift */; };
		A0B4538C1FAC1B09005A1ED4 /* ListTableViewCell.swift in Sources */ = {isa = PBXBuildFile; fileRef = A0B4538B1FAC1B08005A1ED4 /* ListTableViewCell.swift */; };
		A0B4538E1FAC1B12005A1ED4 /* Actor.swift in Sources */ = {isa = PBXBuildFile; fileRef = A0B4538D1FAC1B12005A1ED4 /* Actor.swift */; };
		A0B453901FAC1B22005A1ED4 /* ViewTableViewController.swift in Sources */ = {isa = PBXBuildFile; fileRef = A0B4538F1FAC1B22005A1ED4 /* ViewTableViewController.swift */; };
/* End PBXBuildFile section */

/* Begin PBXContainerItemProxy section */
		A0B4536F1FAC199A005A1ED4 /* PBXContainerItemProxy */ = {
			isa = PBXContainerItemProxy;
			containerPortal = A0B453521FAC1999005A1ED4 /* Project object */;
			proxyType = 1;
			remoteGlobalIDString = A0B453591FAC1999005A1ED4;
			remoteInfo = ParsingDataActors;
		};
		A0B4537A1FAC199A005A1ED4 /* PBXContainerItemProxy */ = {
			isa = PBXContainerItemProxy;
			containerPortal = A0B453521FAC1999005A1ED4 /* Project object */;
			proxyType = 1;
			remoteGlobalIDString = A0B453591FAC1999005A1ED4;
			remoteInfo = ParsingDataActors;
		};
/* End PBXContainerItemProxy section */

/* Begin PBXFileReference section */
		A0B4535A1FAC1999005A1ED4 /* ParsingDataActors.app */ = {isa = PBXFileReference; explicitFileType = wrapper.application; includeInIndex = 0; path = ParsingDataActors.app; sourceTree = BUILT_PRODUCTS_DIR; };
		A0B4535D1FAC1999005A1ED4 /* AppDelegate.swift */ = {isa = PBXFileReference; lastKnownFileType = sourcecode.swift; path = AppDelegate.swift; sourceTree = "<group>"; };
		A0B4535F1FAC1999005A1ED4 /* ViewController.swift */ = {isa = PBXFileReference; lastKnownFileType = sourcecode.swift; path = ViewController.swift; sourceTree = "<group>"; };
		A0B453621FAC1999005A1ED4 /* Base */ = {isa = PBXFileReference; lastKnownFileType = file.storyboard; name = Base; path = Base.lproj/Main.storyboard; sourceTree = "<group>"; };
		A0B453641FAC1999005A1ED4 /* Assets.xcassets */ = {isa = PBXFileReference; lastKnownFileType = folder.assetcatalog; path = Assets.xcassets; sourceTree = "<group>"; };
		A0B453671FAC1999005A1ED4 /* Base */ = {isa = PBXFileReference; lastKnownFileType = file.storyboard; name = Base; path = Base.lproj/LaunchScreen.storyboard; sourceTree = "<group>"; };
		A0B453691FAC1999005A1ED4 /* Info.plist */ = {isa = PBXFileReference; lastKnownFileType = text.plist.xml; path = Info.plist; sourceTree = "<group>"; };
		A0B4536E1FAC199A005A1ED4 /* ParsingDataActorsTests.xctest */ = {isa = PBXFileReference; explicitFileType = wrapper.cfbundle; includeInIndex = 0; path = ParsingDataActorsTests.xctest; sourceTree = BUILT_PRODUCTS_DIR; };
		A0B453721FAC199A005A1ED4 /* ParsingDataActorsTests.swift */ = {isa = PBXFileReference; lastKnownFileType = sourcecode.swift; path = ParsingDataActorsTests.swift; sourceTree = "<group>"; };
		A0B453741FAC199A005A1ED4 /* Info.plist */ = {isa = PBXFileReference; lastKnownFileType = text.plist.xml; path = Info.plist; sourceTree = "<group>"; };
		A0B453791FAC199A005A1ED4 /* ParsingDataActorsUITests.xctest */ = {isa = PBXFileReference; explicitFileType = wrapper.cfbundle; includeInIndex = 0; path = ParsingDataActorsUITests.xctest; sourceTree = BUILT_PRODUCTS_DIR; };
		A0B4537D1FAC199A005A1ED4 /* ParsingDataActorsUITests.swift */ = {isa = PBXFileReference; lastKnownFileType = sourcecode.swift; path = ParsingDataActorsUITests.swift; sourceTree = "<group>"; };
		A0B4537F1FAC199A005A1ED4 /* Info.plist */ = {isa = PBXFileReference; lastKnownFileType = text.plist.xml; path = Info.plist; sourceTree = "<group>"; };
		A0B4538B1FAC1B08005A1ED4 /* ListTableViewCell.swift */ = {isa = PBXFileReference; lastKnownFileType = sourcecode.swift; path = ListTableViewCell.swift; sourceTree = "<group>"; };
		A0B4538D1FAC1B12005A1ED4 /* Actor.swift */ = {isa = PBXFileReference; lastKnownFileType = sourcecode.swift; path = Actor.swift; sourceTree = "<group>"; };
		A0B4538F1FAC1B22005A1ED4 /* ViewTableViewController.swift */ = {isa = PBXFileReference; lastKnownFileType = sourcecode.swift; path = ViewTableViewController.swift; sourceTree = "<group>"; };
/* End PBXFileReference section */

/* Begin PBXFrameworksBuildPhase section */
		A0B453571FAC1999005A1ED4 /* Frameworks */ = {
			isa = PBXFrameworksBuildPhase;
			buildActionMask = 2147483647;
			files = (
			);
			runOnlyForDeploymentPostprocessing = 0;
		};
		A0B4536B1FAC199A005A1ED4 /* Frameworks */ = {
			isa = PBXFrameworksBuildPhase;
			buildActionMask = 2147483647;
			files = (
			);
			runOnlyForDeploymentPostprocessing = 0;
		};
		A0B453761FAC199A005A1ED4 /* Frameworks */ = {
			isa = PBXFrameworksBuildPhase;
			buildActionMask = 2147483647;
			files = (
			);
			runOnlyForDeploymentPostprocessing = 0;
		};
/* End PBXFrameworksBuildPhase section */

/* Begin PBXGroup section */
		A0B453511FAC1999005A1ED4 = {
			isa = PBXGroup;
			children = (
				A0B4535C1FAC1999005A1ED4 /* ParsingDataActors */,
				A0B453711FAC199A005A1ED4 /* ParsingDataActorsTests */,
				A0B4537C1FAC199A005A1ED4 /* ParsingDataActorsUITests */,
				A0B4535B1FAC1999005A1ED4 /* Products */,
			);
			sourceTree = "<group>";
		};
		A0B4535B1FAC1999005A1ED4 /* Products */ = {
			isa = PBXGroup;
			children = (
				A0B4535A1FAC1999005A1ED4 /* ParsingDataActors.app */,
				A0B4536E1FAC199A005A1ED4 /* ParsingDataActorsTests.xctest */,
				A0B453791FAC199A005A1ED4 /* ParsingDataActorsUITests.xctest */,
			);
			name = Products;
			sourceTree = "<group>";
		};
		A0B4535C1FAC1999005A1ED4 /* ParsingDataActors */ = {
			isa = PBXGroup;
			children = (
				A0B4535D1FAC1999005A1ED4 /* AppDelegate.swift */,
				A0B4535F1FAC1999005A1ED4 /* ViewController.swift */,
				A0B453611FAC1999005A1ED4 /* Main.storyboard */,
				A0B4538B1FAC1B08005A1ED4 /* ListTableViewCell.swift */,
				A0B4538D1FAC1B12005A1ED4 /* Actor.swift */,
				A0B4538F1FAC1B22005A1ED4 /* ViewTableViewController.swift */,
				A0B453641FAC1999005A1ED4 /* Assets.xcassets */,
				A0B453661FAC1999005A1ED4 /* LaunchScreen.storyboard */,
				A0B453691FAC1999005A1ED4 /* Info.plist */,
			);
			path = ParsingDataActors;
			sourceTree = "<group>";
		};
		A0B453711FAC199A005A1ED4 /* ParsingDataActorsTests */ = {
			isa = PBXGroup;
			children = (
				A0B453721FAC199A005A1ED4 /* ParsingDataActorsTests.swift */,
				A0B453741FAC199A005A1ED4 /* Info.plist */,
			);
			path = ParsingDataActorsTests;
			sourceTree = "<group>";
		};
		A0B4537C1FAC199A005A1ED4 /* ParsingDataActorsUITests */ = {
			isa = PBXGroup;
			children = (
				A0B4537D1FAC199A005A1ED4 /* ParsingDataActorsUITests.swift */,
				A0B4537F1FAC199A005A1ED4 /* Info.plist */,
			);
			path = ParsingDataActorsUITests;
			sourceTree = "<group>";
		};
/* End PBXGroup section */

/* Begin PBXNativeTarget section */
		A0B453591FAC1999005A1ED4 /* ParsingDataActors */ = {
			isa = PBXNativeTarget;
			buildConfigurationList = A0B453821FAC199A005A1ED4 /* Build configuration list for PBXNativeTarget "ParsingDataActors" */;
			buildPhases = (
				A0B453561FAC1999005A1ED4 /* Sources */,
				A0B453571FAC1999005A1ED4 /* Frameworks */,
				A0B453581FAC1999005A1ED4 /* Resources */,
			);
			buildRules = (
			);
			dependencies = (
			);
			name = ParsingDataActors;
			productName = ParsingDataActors;
			productReference = A0B4535A1FAC1999005A1ED4 /* ParsingDataActors.app */;
			productType = "com.apple.product-type.application";
		};
		A0B4536D1FAC199A005A1ED4 /* ParsingDataActorsTests */ = {
			isa = PBXNativeTarget;
			buildConfigurationList = A0B453851FAC199A005A1ED4 /* Build configuration list for PBXNativeTarget "ParsingDataActorsTests" */;
			buildPhases = (
				A0B4536A1FAC199A005A1ED4 /* Sources */,
				A0B4536B1FAC199A005A1ED4 /* Frameworks */,
				A0B4536C1FAC199A005A1ED4 /* Resources */,
			);
			buildRules = (
			);
			dependencies = (
				A0B453701FAC199A005A1ED4 /* PBXTargetDependency */,
			);
			name = ParsingDataActorsTests;
			productName = ParsingDataActorsTests;
			productReference = A0B4536E1FAC199A005A1ED4 /* ParsingDataActorsTests.xctest */;
			productType = "com.apple.product-type.bundle.unit-test";
		};
		A0B453781FAC199A005A1ED4 /* ParsingDataActorsUITests */ = {
			isa = PBXNativeTarget;
			buildConfigurationList = A0B453881FAC199A005A1ED4 /* Build configuration list for PBXNativeTarget "ParsingDataActorsUITests" */;
			buildPhases = (
				A0B453751FAC199A005A1ED4 /* Sources */,
				A0B453761FAC199A005A1ED4 /* Frameworks */,
				A0B453771FAC199A005A1ED4 /* Resources */,
			);
			buildRules = (
			);
			dependencies = (
				A0B4537B1FAC199A005A1ED4 /* PBXTargetDependency */,
			);
			name = ParsingDataActorsUITests;
			productName = ParsingDataActorsUITests;
			productReference = A0B453791FAC199A005A1ED4 /* ParsingDataActorsUITests.xctest */;
			productType = "com.apple.product-type.bundle.ui-testing";
		};
/* End PBXNativeTarget section */

/* Begin PBXProject section */
		A0B453521FAC1999005A1ED4 /* Project object */ = {
			isa = PBXProject;
			attributes = {
				LastSwiftUpdateCheck = 0900;
				LastUpgradeCheck = 0900;
				ORGANIZATIONNAME = "Hilmy Corp.";
				TargetAttributes = {
					A0B453591FAC1999005A1ED4 = {
						CreatedOnToolsVersion = 9.0;
						ProvisioningStyle = Automatic;
					};
					A0B4536D1FAC199A005A1ED4 = {
						CreatedOnToolsVersion = 9.0;
						ProvisioningStyle = Automatic;
						TestTargetID = A0B453591FAC1999005A1ED4;
					};
					A0B453781FAC199A005A1ED4 = {
						CreatedOnToolsVersion = 9.0;
						ProvisioningStyle = Automatic;
						TestTargetID = A0B453591FAC1999005A1ED4;
					};
				};
			};
			buildConfigurationList = A0B453551FAC1999005A1ED4 /* Build configuration list for PBXProject "ParsingDataActors" */;
			compatibilityVersion = "Xcode 8.0";
			developmentRegion = en;
			hasScannedForEncodings = 0;
			knownRegions = (
				en,
				Base,
			);
			mainGroup = A0B453511FAC1999005A1ED4;
			productRefGroup = A0B4535B1FAC1999005A1ED4 /* Products */;
			projectDirPath = "";
			projectRoot = "";
			targets = (
				A0B453591FAC1999005A1ED4 /* ParsingDataActors */,
				A0B4536D1FAC199A005A1ED4 /* ParsingDataActorsTests */,
				A0B453781FAC199A005A1ED4 /* ParsingDataActorsUITests */,
			);
		};
/* End PBXProject section */

/* Begin PBXResourcesBuildPhase section */
		A0B453581FAC1999005A1ED4 /* Resources */ = {
			isa = PBXResourcesBuildPhase;
			buildActionMask = 2147483647;
			files = (
				A0B453681FAC1999005A1ED4 /* LaunchScreen.storyboard in Resources */,
				A0B453651FAC1999005A1ED4 /* Assets.xcassets in Resources */,
				A0B453631FAC1999005A1ED4 /* Main.storyboard in Resources */,
			);
			runOnlyForDeploymentPostprocessing = 0;
		};
		A0B4536C1FAC199A005A1ED4 /* Resources */ = {
			isa = PBXResourcesBuildPhase;
			buildActionMask = 2147483647;
			files = (
			);
			runOnlyForDeploymentPostprocessing = 0;
		};
		A0B453771FAC199A005A1ED4 /* Resources */ = {
			isa = PBXResourcesBuildPhase;
			buildActionMask = 2147483647;
			files = (
			);
			runOnlyForDeploymentPostprocessing = 0;
		};
/* End PBXResourcesBuildPhase section */

/* Begin PBXSourcesBuildPhase section */
		A0B453561FAC1999005A1ED4 /* Sources */ = {
			isa = PBXSourcesBuildPhase;
			buildActionMask = 2147483647;
			files = (
				A0B453601FAC1999005A1ED4 /* ViewController.swift in Sources */,
				A0B4535E1FAC1999005A1ED4 /* AppDelegate.swift in Sources */,
				A0B453901FAC1B22005A1ED4 /* ViewTableViewController.swift in Sources */,
				A0B4538C1FAC1B09005A1ED4 /* ListTableViewCell.swift in Sources */,
				A0B4538E1FAC1B12005A1ED4 /* Actor.swift in Sources */,
			);
			runOnlyForDeploymentPostprocessing = 0;
		};
		A0B4536A1FAC199A005A1ED4 /* Sources */ = {
			isa = PBXSourcesBuildPhase;
			buildActionMask = 2147483647;
			files = (
				A0B453731FAC199A005A1ED4 /* ParsingDataActorsTests.swift in Sources */,
			);
			runOnlyForDeploymentPostprocessing = 0;
		};
		A0B453751FAC199A005A1ED4 /* Sources */ = {
			isa = PBXSourcesBuildPhase;
			buildActionMask = 2147483647;
			files = (
				A0B4537E1FAC199A005A1ED4 /* ParsingDataActorsUITests.swift in Sources */,
			);
			runOnlyForDeploymentPostprocessing = 0;
		};
/* End PBXSourcesBuildPhase section */

/* Begin PBXTargetDependency section */
		A0B453701FAC199A005A1ED4 /* PBXTargetDependency */ = {
			isa = PBXTargetDependency;
			target = A0B453591FAC1999005A1ED4 /* ParsingDataActors */;
			targetProxy = A0B4536F1FAC199A005A1ED4 /* PBXContainerItemProxy */;
		};
		A0B4537B1FAC199A005A1ED4 /* PBXTargetDependency */ = {
			isa = PBXTargetDependency;
			target = A0B453591FAC1999005A1ED4 /* ParsingDataActors */;
			targetProxy = A0B4537A1FAC199A005A1ED4 /* PBXContainerItemProxy */;
		};
/* End PBXTargetDependency section */

/* Begin PBXVariantGroup section */
		A0B453611FAC1999005A1ED4 /* Main.storyboard */ = {
			isa = PBXVariantGroup;
			children = (
				A0B453621FAC1999005A1ED4 /* Base */,
			);
			name = Main.storyboard;
			sourceTree = "<group>";
		};
		A0B453661FAC1999005A1ED4 /* LaunchScreen.storyboard */ = {
			isa = PBXVariantGroup;
			children = (
				A0B453671FAC1999005A1ED4 /* Base */,
			);
			name = LaunchScreen.storyboard;
			sourceTree = "<group>";
		};
/* End PBXVariantGroup section */

/* Begin XCBuildConfiguration section */
		A0B453801FAC199A005A1ED4 /* Debug */ = {
			isa = XCBuildConfiguration;
			buildSettings = {
				ALWAYS_SEARCH_USER_PATHS = NO;
				CLANG_ANALYZER_NONNULL = YES;
				CLANG_ANALYZER_NUMBER_OBJECT_CONVERSION = YES_AGGRESSIVE;
				CLANG_CXX_LANGUAGE_STANDARD = "gnu++14";
				CLANG_CXX_LIBRARY = "libc++";
				CLANG_ENABLE_MODULES = YES;
				CLANG_ENABLE_OBJC_ARC = YES;
				CLANG_WARN_BLOCK_CAPTURE_AUTORELEASING = YES;
				CLANG_WARN_BOOL_CONVERSION = YES;
				CLANG_WARN_COMMA = YES;
				CLANG_WARN_CONSTANT_CONVERSION = YES;
				CLANG_WARN_DIRECT_OBJC_ISA_USAGE = YES_ERROR;
				CLANG_WARN_DOCUMENTATION_COMMENTS = YES;
				CLANG_WARN_EMPTY_BODY = YES;
				CLANG_WARN_ENUM_CONVERSION = YES;
				CLANG_WARN_INFINITE_RECURSION = YES;
				CLANG_WARN_INT_CONVERSION = YES;
				CLANG_WARN_NON_LITERAL_NULL_CONVERSION = YES;
				CLANG_WARN_OBJC_LITERAL_CONVERSION = YES;
				CLANG_WARN_OBJC_ROOT_CLASS = YES_ERROR;
				CLANG_WARN_RANGE_LOOP_ANALYSIS = YES;
				CLANG_WARN_STRICT_PROTOTYPES = YES;
				CLANG_WARN_SUSPICIOUS_MOVE = YES;
				CLANG_WARN_UNGUARDED_AVAILABILITY = YES_AGGRESSIVE;
				CLANG_WARN_UNREACHABLE_CODE = YES;
				CLANG_WARN__DUPLICATE_METHOD_MATCH = YES;
				CODE_SIGN_IDENTITY = "iPhone Developer";
				COPY_PHASE_STRIP = NO;
				DEBUG_INFORMATION_FORMAT = dwarf;
				ENABLE_STRICT_OBJC_MSGSEND = YES;
				ENABLE_TESTABILITY = YES;
				GCC_C_LANGUAGE_STANDARD = gnu11;
				GCC_DYNAMIC_NO_PIC = NO;
				GCC_NO_COMMON_BLOCKS = YES;
				GCC_OPTIMIZATION_LEVEL = 0;
				GCC_PREPROCESSOR_DEFINITIONS = (
					"DEBUG=1",
					"$(inherited)",
				);
				GCC_WARN_64_TO_32_BIT_CONVERSION = YES;
				GCC_WARN_ABOUT_RETURN_TYPE = YES_ERROR;
				GCC_WARN_UNDECLARED_SELECTOR = YES;
				GCC_WARN_UNINITIALIZED_AUTOS = YES_AGGRESSIVE;
				GCC_WARN_UNUSED_FUNCTION = YES;
				GCC_WARN_UNUSED_VARIABLE = YES;
				IPHONEOS_DEPLOYMENT_TARGET = 11.0;
				MTL_ENABLE_DEBUG_INFO = YES;
				ONLY_ACTIVE_ARCH = YES;
				SDKROOT = iphoneos;
				SWIFT_ACTIVE_COMPILATION_CONDITIONS = DEBUG;
				SWIFT_OPTIMIZATION_LEVEL = "-Onone";
			};
			name = Debug;
		};
		A0B453811FAC199A005A1ED4 /* Release */ = {
			isa = XCBuildConfiguration;
			buildSettings = {
				ALWAYS_SEARCH_USER_PATHS = NO;
				CLANG_ANALYZER_NONNULL = YES;
				CLANG_ANALYZER_NUMBER_OBJECT_CONVERSION = YES_AGGRESSIVE;
				CLANG_CXX_LANGUAGE_STANDARD = "gnu++14";
				CLANG_CXX_LIBRARY = "libc++";
				CLANG_ENABLE_MODULES = YES;
				CLANG_ENABLE_OBJC_ARC = YES;
				CLANG_WARN_BLOCK_CAPTURE_AUTORELEASING = YES;
				CLANG_WARN_BOOL_CONVERSION = YES;
				CLANG_WARN_COMMA = YES;
				CLANG_WARN_CONSTANT_CONVERSION = YES;
				CLANG_WARN_DIRECT_OBJC_ISA_USAGE = YES_ERROR;
				CLANG_WARN_DOCUMENTATION_COMMENTS = YES;
				CLANG_WARN_EMPTY_BODY = YES;
				CLANG_WARN_ENUM_CONVERSION = YES;
				CLANG_WARN_INFINITE_RECURSION = YES;
				CLANG_WARN_INT_CONVERSION = YES;
				CLANG_WARN_NON_LITERAL_NULL_CONVERSION = YES;
				CLANG_WARN_OBJC_LITERAL_CONVERSION = YES;
				CLANG_WARN_OBJC_ROOT_CLASS = YES_ERROR;
				CLANG_WARN_RANGE_LOOP_ANALYSIS = YES;
				CLANG_WARN_STRICT_PROTOTYPES = YES;
				CLANG_WARN_SUSPICIOUS_MOVE = YES;
				CLANG_WARN_UNGUARDED_AVAILABILITY = YES_AGGRESSIVE;
				CLANG_WARN_UNREACHABLE_CODE = YES;
				CLANG_WARN__DUPLICATE_METHOD_MATCH = YES;
				CODE_SIGN_IDENTITY = "iPhone Developer";
				COPY_PHASE_STRIP = NO;
				DEBUG_INFORMATION_FORMAT = "dwarf-with-dsym";
				ENABLE_NS_ASSERTIONS = NO;
				ENABLE_STRICT_OBJC_MSGSEND = YES;
				GCC_C_LANGUAGE_STANDARD = gnu11;
				GCC_NO_COMMON_BLOCKS = YES;
				GCC_WARN_64_TO_32_BIT_CONVERSION = YES;
				GCC_WARN_ABOUT_RETURN_TYPE = YES_ERROR;
				GCC_WARN_UNDECLARED_SELECTOR = YES;
				GCC_WARN_UNINITIALIZED_AUTOS = YES_AGGRESSIVE;
				GCC_WARN_UNUSED_FUNCTION = YES;
				GCC_WARN_UNUSED_VARIABLE = YES;
				IPHONEOS_DEPLOYMENT_TARGET = 11.0;
				MTL_ENABLE_DEBUG_INFO = NO;
				SDKROOT = iphoneos;
				SWIFT_OPTIMIZATION_LEVEL = "-Owholemodule";
				VALIDATE_PRODUCT = YES;
			};
			name = Release;
		};
		A0B453831FAC199A005A1ED4 /* Debug */ = {
			isa = XCBuildConfiguration;
			buildSettings = {
				ASSETCATALOG_COMPILER_APPICON_NAME = AppIcon;
				CODE_SIGN_STYLE = Automatic;
				DEVELOPMENT_TEAM = 72C5A4RQ56;
				INFOPLIST_FILE = ParsingDataActors/Info.plist;
				LD_RUNPATH_SEARCH_PATHS = "$(inherited) @executable_path/Frameworks";
				PRODUCT_BUNDLE_IDENTIFIER = "Hilmy-Fauzi.ParsingDataActors";
				PRODUCT_NAME = "$(TARGET_NAME)";
				SWIFT_VERSION = 4.0;
				TARGETED_DEVICE_FAMILY = "1,2";
			};
			name = Debug;
		};
		A0B453841FAC199A005A1ED4 /* Release */ = {
			isa = XCBuildConfiguration;
			buildSettings = {
				ASSETCATALOG_COMPILER_APPICON_NAME = AppIcon;
				CODE_SIGN_STYLE = Automatic;
				DEVELOPMENT_TEAM = 72C5A4RQ56;
				INFOPLIST_FILE = ParsingDataActors/Info.plist;
				LD_RUNPATH_SEARCH_PATHS = "$(inherited) @executable_path/Frameworks";
				PRODUCT_BUNDLE_IDENTIFIER = "Hilmy-Fauzi.ParsingDataActors";
				PRODUCT_NAME = "$(TARGET_NAME)";
				SWIFT_VERSION = 4.0;
				TARGETED_DEVICE_FAMILY = "1,2";
			};
			name = Release;
		};
		A0B453861FAC199A005A1ED4 /* Debug */ = {
			isa = XCBuildConfiguration;
			buildSettings = {
				ALWAYS_EMBED_SWIFT_STANDARD_LIBRARIES = YES;
				BUNDLE_LOADER = "$(TEST_HOST)";
				CODE_SIGN_STYLE = Automatic;
				DEVELOPMENT_TEAM = 72C5A4RQ56;
				INFOPLIST_FILE = ParsingDataActorsTests/Info.plist;
				LD_RUNPATH_SEARCH_PATHS = "$(inherited) @executable_path/Frameworks @loader_path/Frameworks";
				PRODUCT_BUNDLE_IDENTIFIER = "Hilmy-Fauzi.ParsingDataActorsTests";
				PRODUCT_NAME = "$(TARGET_NAME)";
				SWIFT_VERSION = 4.0;
				TARGETED_DEVICE_FAMILY = "1,2";
				TEST_HOST = "$(BUILT_PRODUCTS_DIR)/ParsingDataActors.app/ParsingDataActors";
			};
			name = Debug;
		};
		A0B453871FAC199A005A1ED4 /* Release */ = {
			isa = XCBuildConfiguration;
			buildSettings = {
				ALWAYS_EMBED_SWIFT_STANDARD_LIBRARIES = YES;
				BUNDLE_LOADER = "$(TEST_HOST)";
				CODE_SIGN_STYLE = Automatic;
				DEVELOPMENT_TEAM = 72C5A4RQ56;
				INFOPLIST_FILE = ParsingDataActorsTests/Info.plist;
				LD_RUNPATH_SEARCH_PATHS = "$(inherited) @executable_path/Frameworks @loader_path/Frameworks";
				PRODUCT_BUNDLE_IDENTIFIER = "Hilmy-Fauzi.ParsingDataActorsTests";
				PRODUCT_NAME = "$(TARGET_NAME)";
				SWIFT_VERSION = 4.0;
				TARGETED_DEVICE_FAMILY = "1,2";
				TEST_HOST = "$(BUILT_PRODUCTS_DIR)/ParsingDataActors.app/ParsingDataActors";
			};
			name = Release;
		};
		A0B453891FAC199A005A1ED4 /* Debug */ = {
			isa = XCBuildConfiguration;
			buildSettings = {
				ALWAYS_EMBED_SWIFT_STANDARD_LIBRARIES = YES;
				CODE_SIGN_STYLE = Automatic;
				DEVELOPMENT_TEAM = 72C5A4RQ56;
				INFOPLIST_FILE = ParsingDataActorsUITests/Info.plist;
				LD_RUNPATH_SEARCH_PATHS = "$(inherited) @executable_path/Frameworks @loader_path/Frameworks";
				PRODUCT_BUNDLE_IDENTIFIER = "Hilmy-Fauzi.ParsingDataActorsUITests";
				PRODUCT_NAME = "$(TARGET_NAME)";
				SWIFT_VERSION = 4.0;
				TARGETED_DEVICE_FAMILY = "1,2";
				TEST_TARGET_NAME = ParsingDataActors;
			};
			name = Debug;
		};
		A0B4538A1FAC199A005A1ED4 /* Release */ = {
			isa = XCBuildConfiguration;
			buildSettings = {
				ALWAYS_EMBED_SWIFT_STANDARD_LIBRARIES = YES;
				CODE_SIGN_STYLE = Automatic;
				DEVELOPMENT_TEAM = 72C5A4RQ56;
				INFOPLIST_FILE = ParsingDataActorsUITests/Info.plist;
				LD_RUNPATH_SEARCH_PATHS = "$(inherited) @executable_path/Frameworks @loader_path/Frameworks";
				PRODUCT_BUNDLE_IDENTIFIER = "Hilmy-Fauzi.ParsingDataActorsUITests";
				PRODUCT_NAME = "$(TARGET_NAME)";
				SWIFT_VERSION = 4.0;
				TARGETED_DEVICE_FAMILY = "1,2";
				TEST_TARGET_NAME = ParsingDataActors;
			};
			name = Release;
		};
/* End XCBuildConfiguration section */

/* Begin XCConfigurationList section */
		A0B453551FAC1999005A1ED4 /* Build configuration list for PBXProject "ParsingDataActors" */ = {
			isa = XCConfigurationList;
			buildConfigurations = (
				A0B453801FAC199A005A1ED4 /* Debug */,
				A0B453811FAC199A005A1ED4 /* Release */,
			);
			defaultConfigurationIsVisible = 0;
			defaultConfigurationName = Release;
		};
		A0B453821FAC199A005A1ED4 /* Build configuration list for PBXNativeTarget "ParsingDataActors" */ = {
			isa = XCConfigurationList;
			buildConfigurations = (
				A0B453831FAC199A005A1ED4 /* Debug */,
				A0B453841FAC199A005A1ED4 /* Release */,
			);
			defaultConfigurationIsVisible = 0;
			defaultConfigurationName = Release;
		};
		A0B453851FAC199A005A1ED4 /* Build configuration list for PBXNativeTarget "ParsingDataActorsTests" */ = {
			isa = XCConfigurationList;
			buildConfigurations = (
				A0B453861FAC199A005A1ED4 /* Debug */,
				A0B453871FAC199A005A1ED4 /* Release */,
			);
			defaultConfigurationIsVisible = 0;
			defaultConfigurationName = Release;
		};
		A0B453881FAC199A005A1ED4 /* Build configuration list for PBXNativeTarget "ParsingDataActorsUITests" */ = {
			isa = XCConfigurationList;
			buildConfigurations = (
				A0B453891FAC199A005A1ED4 /* Debug */,
				A0B4538A1FAC199A005A1ED4 /* Release */,
			);
			defaultConfigurationIsVisible = 0;
			defaultConfigurationName = Release;
		};
/* End XCConfigurationList section */
	};
	rootObject = A0B453521FAC1999005A1ED4 /* Project object */;
}
